
Microsoft Visual Studio Solution File, Format Version 12.00
# Visual Studio Version 16
VisualStudioVersion = 16.0.31112.23
MinimumVisualStudioVersion = 10.0.40219.1
Project("{FAE04EC0-301F-11D3-BF4B-00C04F79EFBC}") = "TestsGenerator", "TestsGenerator2\TestsGenerator.csproj", "{54C6AE8B-9365-48D2-9F13-0100F5277FA4}"
EndProject
Project("{FAE04EC0-301F-11D3-BF4B-00C04F79EFBC}") = "TestsGeneratorLib", "TestsGeneratorLib\TestsGeneratorLib.csproj", "{B42D3BEE-CC3B-45EA-AA3E-EFE2808CE8B1}"
EndProject
Project("{FAE04EC0-301F-11D3-BF4B-00C04F79EFBC}") = "Tests", "Tests\Tests.csproj", "{3584256A-217B-4F0F-ACF6-44737D8A239D}"
EndProject
Global
	GlobalSection(SolutionConfigurationPlatforms) = preSolution
		Debug|Any CPU = Debug|Any CPU
		Release|Any CPU = Release|Any CPU
	EndGlobalSection
	GlobalSection(ProjectConfigurationPlatforms) = postSolution
		{54C6AE8B-9365-48D2-9F13-0100F5277FA4}.Debug|Any CPU.ActiveCfg = Debug|Any CPU
		{54C6AE8B-9365-48D2-9F13-0100F5277FA4}.Debug|Any CPU.Build.0 = Debug|Any CPU
		{54C6AE8B-9365-48D2-9F13-0100F5277FA4}.Release|Any CPU.ActiveCfg = Release|Any CPU
		{54C6AE8B-9365-48D2-9F13-0100F5277FA4}.Release|Any CPU.Build.0 = Release|Any CPU
		{B42D3BEE-CC3B-45EA-AA3E-EFE2808CE8B1}.Debug|Any CPU.ActiveCfg = Debug|Any CPU
		{B42D3BEE-CC3B-45EA-AA3E-EFE2808CE8B1}.Debug|Any CPU.Build.0 = Debug|Any CPU
		{B42D3BEE-CC3B-45EA-AA3E-EFE2808CE8B1}.Release|Any CPU.ActiveCfg = Release|Any CPU
		{B42D3BEE-CC3B-45EA-AA3E-EFE2808CE8B1}.Release|Any CPU.Build.0 = Release|Any CPU
		{3584256A-217B-4F0F-ACF6-44737D8A239D}.Debug|Any CPU.ActiveCfg = Debug|Any CPU
		{3584256A-217B-4F0F-ACF6-44737D8A239D}.Debug|Any CPU.Build.0 = Debug|Any CPU
		{3584256A-217B-4F0F-ACF6-44737D8A239D}.Release|Any CPU.ActiveCfg = Release|Any CPU
		{3584256A-217B-4F0F-ACF6-44737D8A239D}.Release|Any CPU.Build.0 = Release|Any CPU
	EndGlobalSection
	GlobalSection(SolutionProperties) = preSolution
		HideSolutionNode = FALSE
	EndGlobalSection
	GlobalSection(ExtensibilityGlobals) = postSolution
		SolutionGuid = {4D801F20-AF24-44B2-952C-39CE44B3AE94}
	EndGlobalSection
EndGlobal
